
Microsoft Visual Studio Solution File, Format Version 12.00
# Visual Studio Version 16
VisualStudioVersion = 16.0.29009.5
MinimumVisualStudioVersion = 10.0.40219.1
Project("{9A19103F-16F7-4668-BE54-9A1E7A4F7556}") = "Reporting.Business", "Reporting.Business\Reporting.Business.csproj", "{19B31B73-6DDC-4232-BF80-992F53E304D0}"
EndProject
Project("{FAE04EC0-301F-11D3-BF4B-00C04F79EFBC}") = "Reporting.Ui", "Reporting.Ui\Reporting.Ui.csproj", "{D514848D-1707-4F15-87C3-0AE340BE572F}"
EndProject
Global
	GlobalSection(SolutionConfigurationPlatforms) = preSolution
		Debug|Any CPU = Debug|Any CPU
		Release|Any CPU = Release|Any CPU
	EndGlobalSection
	GlobalSection(ProjectConfigurationPlatforms) = postSolution
		{19B31B73-6DDC-4232-BF80-992F53E304D0}.Debug|Any CPU.ActiveCfg = Debug|Any CPU
		{19B31B73-6DDC-4232-BF80-992F53E304D0}.Debug|Any CPU.Build.0 = Debug|Any CPU
		{19B31B73-6DDC-4232-BF80-992F53E304D0}.Release|Any CPU.ActiveCfg = Release|Any CPU
		{19B31B73-6DDC-4232-BF80-992F53E304D0}.Release|Any CPU.Build.0 = Release|Any CPU
		{D514848D-1707-4F15-87C3-0AE340BE572F}.Debug|Any CPU.ActiveCfg = Debug|Any CPU
		{D514848D-1707-4F15-87C3-0AE340BE572F}.Debug|Any CPU.Build.0 = Debug|Any CPU
		{D514848D-1707-4F15-87C3-0AE340BE572F}.Release|Any CPU.ActiveCfg = Release|Any CPU
		{D514848D-1707-4F15-87C3-0AE340BE572F}.Release|Any CPU.Build.0 = Release|Any CPU
	EndGlobalSection
	GlobalSection(SolutionProperties) = preSolution
		HideSolutionNode = FALSE
	EndGlobalSection
	GlobalSection(ExtensibilityGlobals) = postSolution
		SolutionGuid = {7BDE4C9A-19CD-4F61-8ABF-B8D698229B16}
	EndGlobalSection
EndGlobal
